
Microsoft Visual Studio Solution File, Format Version 12.00
# Visual Studio Version 17
VisualStudioVersion = 17.3.32929.385
MinimumVisualStudioVersion = 10.0.40219.1
Project("{8BC9CEB8-8B4A-11D0-8D11-00A0C91BC942}") = "KL.13.2", "KL.13.2.vcxproj", "{3F8F9089-B1E4-4150-80F0-561B383255DE}"
EndProject
Global
	GlobalSection(SolutionConfigurationPlatforms) = preSolution
		Debug|x64 = Debug|x64
		Debug|x86 = Debug|x86
		Release|x64 = Release|x64
		Release|x86 = Release|x86
	EndGlobalSection
	GlobalSection(ProjectConfigurationPlatforms) = postSolution
		{3F8F9089-B1E4-4150-80F0-561B383255DE}.Debug|x64.ActiveCfg = Debug|x64
		{3F8F9089-B1E4-4150-80F0-561B383255DE}.Debug|x64.Build.0 = Debug|x64
		{3F8F9089-B1E4-4150-80F0-561B383255DE}.Debug|x86.ActiveCfg = Debug|Win32
		{3F8F9089-B1E4-4150-80F0-561B383255DE}.Debug|x86.Build.0 = Debug|Win32
		{3F8F9089-B1E4-4150-80F0-561B383255DE}.Release|x64.ActiveCfg = Release|x64
		{3F8F9089-B1E4-4150-80F0-561B383255DE}.Release|x64.Build.0 = Release|x64
		{3F8F9089-B1E4-4150-80F0-561B383255DE}.Release|x86.ActiveCfg = Release|Win32
		{3F8F9089-B1E4-4150-80F0-561B383255DE}.Release|x86.Build.0 = Release|Win32
	EndGlobalSection
	GlobalSection(SolutionProperties) = preSolution
		HideSolutionNode = FALSE
	EndGlobalSection
	GlobalSection(ExtensibilityGlobals) = postSolution
		SolutionGuid = {D0AA3999-985A-435F-9FE3-521DFAC9092E}
	EndGlobalSection
EndGlobal
