
Microsoft Visual Studio Solution File, Format Version 12.00
# Visual Studio Version 17
VisualStudioVersion = 17.3.32929.385
MinimumVisualStudioVersion = 10.0.40219.1
Project("{8BC9CEB8-8B4A-11D0-8D11-00A0C91BC942}") = "11.Maks", "11.Maks.vcxproj", "{D9B1241F-1E56-41E2-9E88-B52549C09C7A}"
EndProject
Global
	GlobalSection(SolutionConfigurationPlatforms) = preSolution
		Debug|x64 = Debug|x64
		Debug|x86 = Debug|x86
		Release|x64 = Release|x64
		Release|x86 = Release|x86
	EndGlobalSection
	GlobalSection(ProjectConfigurationPlatforms) = postSolution
		{D9B1241F-1E56-41E2-9E88-B52549C09C7A}.Debug|x64.ActiveCfg = Debug|x64
		{D9B1241F-1E56-41E2-9E88-B52549C09C7A}.Debug|x64.Build.0 = Debug|x64
		{D9B1241F-1E56-41E2-9E88-B52549C09C7A}.Debug|x86.ActiveCfg = Debug|Win32
		{D9B1241F-1E56-41E2-9E88-B52549C09C7A}.Debug|x86.Build.0 = Debug|Win32
		{D9B1241F-1E56-41E2-9E88-B52549C09C7A}.Release|x64.ActiveCfg = Release|x64
		{D9B1241F-1E56-41E2-9E88-B52549C09C7A}.Release|x64.Build.0 = Release|x64
		{D9B1241F-1E56-41E2-9E88-B52549C09C7A}.Release|x86.ActiveCfg = Release|Win32
		{D9B1241F-1E56-41E2-9E88-B52549C09C7A}.Release|x86.Build.0 = Release|Win32
	EndGlobalSection
	GlobalSection(SolutionProperties) = preSolution
		HideSolutionNode = FALSE
	EndGlobalSection
	GlobalSection(ExtensibilityGlobals) = postSolution
		SolutionGuid = {8F8A5806-12C6-43C2-A193-D0F267805E13}
	EndGlobalSection
EndGlobal
